dependencies:
- name: minio
  repository: https://helm.min.io
  version: 6.0.5
- name: etcd
  repository: https://charts.bitnami.com/bitnami
  version: 4.10.1
- name: vault
  repository: https://helm.releases.hashicorp.com
  version: 0.7.0
digest: sha256:9b4943a8d052043d2a97ca9af4eb9f70faf3e9fd22b34127ed54e503e841407c
generated: "2020-09-01T10:12:19.755208-07:00"
