dependencies:
- name: minio
  repository: https://kubernetes-charts.storage.googleapis.com/
  version: 5.0.32
- name: etcd
  repository: https://charts.bitnami.com/bitnami
  version: 4.9.1
- name: vault
  repository: https://helm.releases.hashicorp.com
  version: 0.6.0
digest: sha256:72201bb24ac8e70e7532e8f57770168cdad73b2d4c453c3cdd57afb2388e311a
generated: "2020-08-02T10:03:19.378587-07:00"
